
Microsoft Visual Studio Solution File, Format Version 12.00
# Visual Studio Version 16
VisualStudioVersion = 16.0.30320.27
MinimumVisualStudioVersion = 10.0.40219.1
Project("{FAE04EC0-301F-11D3-BF4B-00C04F79EFBC}") = "MS539_inheritance_discussion_code", "MS539_inheritance_discussion_code\MS539_inheritance_discussion_code.csproj", "{16B8BDDB-4C9D-4F0A-8DC6-BFF227B99C24}"
EndProject
Project("{2150E333-8FDC-42A3-9474-1A3956D46DE8}") = "Solution Items", "Solution Items", "{7900C430-7C03-4E90-A4C2-31A059FC1525}"
	ProjectSection(SolutionItems) = preProject
		Details.txt = Details.txt
		m3539 inheritance assignment.png = m3539 inheritance assignment.png
	EndProjectSection
EndProject
Global
	GlobalSection(SolutionConfigurationPlatforms) = preSolution
		Debug|Any CPU = Debug|Any CPU
		Release|Any CPU = Release|Any CPU
	EndGlobalSection
	GlobalSection(ProjectConfigurationPlatforms) = postSolution
		{16B8BDDB-4C9D-4F0A-8DC6-BFF227B99C24}.Debug|Any CPU.ActiveCfg = Debug|Any CPU
		{16B8BDDB-4C9D-4F0A-8DC6-BFF227B99C24}.Debug|Any CPU.Build.0 = Debug|Any CPU
		{16B8BDDB-4C9D-4F0A-8DC6-BFF227B99C24}.Release|Any CPU.ActiveCfg = Release|Any CPU
		{16B8BDDB-4C9D-4F0A-8DC6-BFF227B99C24}.Release|Any CPU.Build.0 = Release|Any CPU
	EndGlobalSection
	GlobalSection(SolutionProperties) = preSolution
		HideSolutionNode = FALSE
	EndGlobalSection
	GlobalSection(ExtensibilityGlobals) = postSolution
		SolutionGuid = {EA13421E-A52D-4B92-A9E8-F43571722747}
	EndGlobalSection
EndGlobal
